
Microsoft Visual Studio Solution File, Format Version 12.00
# Visual Studio 15
VisualStudioVersion = 15.0.28307.539
MinimumVisualStudioVersion = 10.0.40219.1
Project("{FAE04EC0-301F-11D3-BF4B-00C04F79EFBC}") = "SuperMarket", "SuperMarket\SuperMarket.csproj", "{E064D0B8-A185-43A2-8CA1-5B7AF0BEB889}"
EndProject
Global
	GlobalSection(SolutionConfigurationPlatforms) = preSolution
		Debug|Any CPU = Debug|Any CPU
		Release|Any CPU = Release|Any CPU
	EndGlobalSection
	GlobalSection(ProjectConfigurationPlatforms) = postSolution
		{E064D0B8-A185-43A2-8CA1-5B7AF0BEB889}.Debug|Any CPU.ActiveCfg = Debug|Any CPU
		{E064D0B8-A185-43A2-8CA1-5B7AF0BEB889}.Debug|Any CPU.Build.0 = Debug|Any CPU
		{E064D0B8-A185-43A2-8CA1-5B7AF0BEB889}.Release|Any CPU.ActiveCfg = Release|Any CPU
		{E064D0B8-A185-43A2-8CA1-5B7AF0BEB889}.Release|Any CPU.Build.0 = Release|Any CPU
	EndGlobalSection
	GlobalSection(SolutionProperties) = preSolution
		HideSolutionNode = FALSE
	EndGlobalSection
	GlobalSection(ExtensibilityGlobals) = postSolution
		SolutionGuid = {057540BA-7D97-430D-8EB2-99E38A2E59EE}
	EndGlobalSection
EndGlobal
